
Microsoft Visual Studio Solution File, Format Version 12.00
# Visual Studio Version 17
VisualStudioVersion = 17.4.33205.214
MinimumVisualStudioVersion = 10.0.40219.1
Project("{FAE04EC0-301F-11D3-BF4B-00C04F79EFBC}") = "ApiFarmasi", "ApiFarmasi\ApiFarmasi.csproj", "{D6E164BD-D885-4DB9-8A72-7C8809567CEB}"
EndProject
Project("{FAE04EC0-301F-11D3-BF4B-00C04F79EFBC}") = "MvcFarmasi", "MvcFarmasi\MvcFarmasi.csproj", "{509C70BD-E618-4907-8C81-43628DEC83C5}"
EndProject
Global
	GlobalSection(SolutionConfigurationPlatforms) = preSolution
		Debug|Any CPU = Debug|Any CPU
		Release|Any CPU = Release|Any CPU
	EndGlobalSection
	GlobalSection(ProjectConfigurationPlatforms) = postSolution
		{D6E164BD-D885-4DB9-8A72-7C8809567CEB}.Debug|Any CPU.ActiveCfg = Debug|Any CPU
		{D6E164BD-D885-4DB9-8A72-7C8809567CEB}.Debug|Any CPU.Build.0 = Debug|Any CPU
		{D6E164BD-D885-4DB9-8A72-7C8809567CEB}.Release|Any CPU.ActiveCfg = Release|Any CPU
		{D6E164BD-D885-4DB9-8A72-7C8809567CEB}.Release|Any CPU.Build.0 = Release|Any CPU
		{509C70BD-E618-4907-8C81-43628DEC83C5}.Debug|Any CPU.ActiveCfg = Debug|Any CPU
		{509C70BD-E618-4907-8C81-43628DEC83C5}.Debug|Any CPU.Build.0 = Debug|Any CPU
		{509C70BD-E618-4907-8C81-43628DEC83C5}.Release|Any CPU.ActiveCfg = Release|Any CPU
		{509C70BD-E618-4907-8C81-43628DEC83C5}.Release|Any CPU.Build.0 = Release|Any CPU
	EndGlobalSection
	GlobalSection(SolutionProperties) = preSolution
		HideSolutionNode = FALSE
	EndGlobalSection
	GlobalSection(ExtensibilityGlobals) = postSolution
		SolutionGuid = {39F0D13F-0C9A-4B71-ADF3-E89723C6C18B}
	EndGlobalSection
EndGlobal
